// !$*UTF8*$!
{
	archiveVersion = 1;
	classes = {
	};
	objectVersion = 50;
	objects = {

/* Begin PBXBuildFile section */
		A585ED6C21BF659A007404B4 /* XXValidParentheses_20.m in Sources */ = {isa = PBXBuildFile; fileRef = A585ED6B21BF659A007404B4 /* XXValidParentheses_20.m */; };
		A5EEC49721BE12EB0048343C /* main.m in Sources */ = {isa = PBXBuildFile; fileRef = A5EEC49621BE12EB0048343C /* main.m */; };
		A5EEC49F21BE13090048343C /* XXStack.m in Sources */ = {isa = PBXBuildFile; fileRef = A5EEC49E21BE13090048343C /* XXStack.m */; };
/* End PBXBuildFile section */

/* Begin PBXCopyFilesBuildPhase section */
		A5EEC49121BE12EB0048343C /* CopyFiles */ = {
			isa = PBXCopyFilesBuildPhase;
			buildActionMask = 2147483647;
			dstPath = /usr/share/man/man1/;
			dstSubfolderSpec = 0;
			files = (
			);
			runOnlyForDeploymentPostprocessing = 1;
		};
/* End PBXCopyFilesBuildPhase section */

/* Begin PBXFileReference section */
		A585ED6A21BF659A007404B4 /* XXValidParentheses_20.h */ = {isa = PBXFileReference; lastKnownFileType = sourcecode.c.h; path = XXValidParentheses_20.h; sourceTree = "<group>"; };
		A585ED6B21BF659A007404B4 /* XXValidParentheses_20.m */ = {isa = PBXFileReference; lastKnownFileType = sourcecode.c.objc; path = XXValidParentheses_20.m; sourceTree = "<group>"; };
		A5EEC49321BE12EB0048343C /* Stack_OC */ = {isa = PBXFileReference; explicitFileType = "compiled.mach-o.executable"; includeInIndex = 0; path = Stack_OC; sourceTree = BUILT_PRODUCTS_DIR; };
		A5EEC49621BE12EB0048343C /* main.m */ = {isa = PBXFileReference; lastKnownFileType = sourcecode.c.objc; path = main.m; sourceTree = "<group>"; };
		A5EEC49D21BE13090048343C /* XXStack.h */ = {isa = PBXFileReference; lastKnownFileType = sourcecode.c.h; path = XXStack.h; sourceTree = "<group>"; };
		A5EEC49E21BE13090048343C /* XXStack.m */ = {isa = PBXFileReference; lastKnownFileType = sourcecode.c.objc; path = XXStack.m; sourceTree = "<group>"; };
/* End PBXFileReference section */

/* Begin PBXFrameworksBuildPhase section */
		A5EEC49021BE12EB0048343C /* Frameworks */ = {
			isa = PBXFrameworksBuildPhase;
			buildActionMask = 2147483647;
			files = (
			);
			runOnlyForDeploymentPostprocessing = 0;
		};
/* End PBXFrameworksBuildPhase section */

/* Begin PBXGroup section */
		A5EEC48A21BE12EB0048343C = {
			isa = PBXGroup;
			children = (
				A5EEC49521BE12EB0048343C /* Stack_OC */,
				A5EEC49421BE12EB0048343C /* Products */,
			);
			sourceTree = "<group>";
		};
		A5EEC49421BE12EB0048343C /* Products */ = {
			isa = PBXGroup;
			children = (
				A5EEC49321BE12EB0048343C /* Stack_OC */,
			);
			name = Products;
			sourceTree = "<group>";
		};
		A5EEC49521BE12EB0048343C /* Stack_OC */ = {
			isa = PBXGroup;
			children = (
				A5EEC49621BE12EB0048343C /* main.m */,
				A5EEC49D21BE13090048343C /* XXStack.h */,
				A5EEC49E21BE13090048343C /* XXStack.m */,
				A585ED6A21BF659A007404B4 /* XXValidParentheses_20.h */,
				A585ED6B21BF659A007404B4 /* XXValidParentheses_20.m */,
			);
			path = Stack_OC;
			sourceTree = "<group>";
		};
/* End PBXGroup section */

/* Begin PBXNativeTarget section */
		A5EEC49221BE12EB0048343C /* Stack_OC */ = {
			isa = PBXNativeTarget;
			buildConfigurationList = A5EEC49A21BE12EB0048343C /* Build configuration list for PBXNativeTarget "Stack_OC" */;
			buildPhases = (
				A5EEC48F21BE12EB0048343C /* Sources */,
				A5EEC49021BE12EB0048343C /* Frameworks */,
				A5EEC49121BE12EB0048343C /* CopyFiles */,
			);
			buildRules = (
			);
			dependencies = (
			);
			name = Stack_OC;
			productName = Stack_OC;
			productReference = A5EEC49321BE12EB0048343C /* Stack_OC */;
			productType = "com.apple.product-type.tool";
		};
/* End PBXNativeTarget section */

/* Begin PBXProject section */
		A5EEC48B21BE12EB0048343C /* Project object */ = {
			isa = PBXProject;
			attributes = {
				LastUpgradeCheck = 1010;
				ORGANIZATIONNAME = Eleven;
				TargetAttributes = {
					A5EEC49221BE12EB0048343C = {
						CreatedOnToolsVersion = 10.1;
					};
				};
			};
			buildConfigurationList = A5EEC48E21BE12EB0048343C /* Build configuration list for PBXProject "Stack_OC" */;
			compatibilityVersion = "Xcode 9.3";
			developmentRegion = en;
			hasScannedForEncodings = 0;
			knownRegions = (
				en,
			);
			mainGroup = A5EEC48A21BE12EB0048343C;
			productRefGroup = A5EEC49421BE12EB0048343C /* Products */;
			projectDirPath = "";
			projectRoot = "";
			targets = (
				A5EEC49221BE12EB0048343C /* Stack_OC */,
			);
		};
/* End PBXProject section */

/* Begin PBXSourcesBuildPhase section */
		A5EEC48F21BE12EB0048343C /* Sources */ = {
			isa = PBXSourcesBuildPhase;
			buildActionMask = 2147483647;
			files = (
				A585ED6C21BF659A007404B4 /* XXValidParentheses_20.m in Sources */,
				A5EEC49F21BE13090048343C /* XXStack.m in Sources */,
				A5EEC49721BE12EB0048343C /* main.m in Sources */,
			);
			runOnlyForDeploymentPostprocessing = 0;
		};
/* End PBXSourcesBuildPhase section */

/* Begin XCBuildConfiguration section */
		A5EEC49821BE12EB0048343C /* Debug */ = {
			isa = XCBuildConfiguration;
			buildSettings = {
				ALWAYS_SEARCH_USER_PATHS = NO;
				CLANG_ANALYZER_NONNULL = YES;
				CLANG_ANALYZER_NUMBER_OBJECT_CONVERSION = YES_AGGRESSIVE;
				CLANG_CXX_LANGUAGE_STANDARD = "gnu++14";
				CLANG_CXX_LIBRARY = "libc++";
				CLANG_ENABLE_MODULES = YES;
				CLANG_ENABLE_OBJC_ARC = YES;
				CLANG_ENABLE_OBJC_WEAK = YES;
				CLANG_WARN_BLOCK_CAPTURE_AUTORELEASING = YES;
				CLANG_WARN_BOOL_CONVERSION = YES;
				CLANG_WARN_COMMA = YES;
				CLANG_WARN_CONSTANT_CONVERSION = YES;
				CLANG_WARN_DEPRECATED_OBJC_IMPLEMENTATIONS = YES;
				CLANG_WARN_DIRECT_OBJC_ISA_USAGE = YES_ERROR;
				CLANG_WARN_DOCUMENTATION_COMMENTS = YES;
				CLANG_WARN_EMPTY_BODY = YES;
				CLANG_WARN_ENUM_CONVERSION = YES;
				CLANG_WARN_INFINITE_RECURSION = YES;
				CLANG_WARN_INT_CONVERSION = YES;
				CLANG_WARN_NON_LITERAL_NULL_CONVERSION = YES;
				CLANG_WARN_OBJC_IMPLICIT_RETAIN_SELF = YES;
				CLANG_WARN_OBJC_LITERAL_CONVERSION = YES;
				CLANG_WARN_OBJC_ROOT_CLASS = YES_ERROR;
				CLANG_WARN_RANGE_LOOP_ANALYSIS = YES;
				CLANG_WARN_STRICT_PROTOTYPES = YES;
				CLANG_WARN_SUSPICIOUS_MOVE = YES;
				CLANG_WARN_UNGUARDED_AVAILABILITY = YES_AGGRESSIVE;
				CLANG_WARN_UNREACHABLE_CODE = YES;
				CLANG_WARN__DUPLICATE_METHOD_MATCH = YES;
				CODE_SIGN_IDENTITY = "-";
				COPY_PHASE_STRIP = NO;
				DEBUG_INFORMATION_FORMAT = dwarf;
				ENABLE_STRICT_OBJC_MSGSEND = YES;
				ENABLE_TESTABILITY = YES;
				GCC_C_LANGUAGE_STANDARD = gnu11;
				GCC_DYNAMIC_NO_PIC = NO;
				GCC_NO_COMMON_BLOCKS = YES;
				GCC_OPTIMIZATION_LEVEL = 0;
				GCC_PREPROCESSOR_DEFINITIONS = (
					"DEBUG=1",
					"$(inherited)",
				);
				GCC_WARN_64_TO_32_BIT_CONVERSION = YES;
				GCC_WARN_ABOUT_RETURN_TYPE = YES_ERROR;
				GCC_WARN_UNDECLARED_SELECTOR = YES;
				GCC_WARN_UNINITIALIZED_AUTOS = YES_AGGRESSIVE;
				GCC_WARN_UNUSED_FUNCTION = YES;
				GCC_WARN_UNUSED_VARIABLE = YES;
				MACOSX_DEPLOYMENT_TARGET = 10.14;
				MTL_ENABLE_DEBUG_INFO = INCLUDE_SOURCE;
				MTL_FAST_MATH = YES;
				ONLY_ACTIVE_ARCH = YES;
				SDKROOT = macosx;
			};
			name = Debug;
		};
		A5EEC49921BE12EB0048343C /* Release */ = {
			isa = XCBuildConfiguration;
			buildSettings = {
				ALWAYS_SEARCH_USER_PATHS = NO;
				CLANG_ANALYZER_NONNULL = YES;
				CLANG_ANALYZER_NUMBER_OBJECT_CONVERSION = YES_AGGRESSIVE;
				CLANG_CXX_LANGUAGE_STANDARD = "gnu++14";
				CLANG_CXX_LIBRARY = "libc++";
				CLANG_ENABLE_MODULES = YES;
				CLANG_ENABLE_OBJC_ARC = YES;
				CLANG_ENABLE_OBJC_WEAK = YES;
				CLANG_WARN_BLOCK_CAPTURE_AUTORELEASING = YES;
				CLANG_WARN_BOOL_CONVERSION = YES;
				CLANG_WARN_COMMA = YES;
				CLANG_WARN_CONSTANT_CONVERSION = YES;
				CLANG_WARN_DEPRECATED_OBJC_IMPLEMENTATIONS = YES;
				CLANG_WARN_DIRECT_OBJC_ISA_USAGE = YES_ERROR;
				CLANG_WARN_DOCUMENTATION_COMMENTS = YES;
				CLANG_WARN_EMPTY_BODY = YES;
				CLANG_WARN_ENUM_CONVERSION = YES;
				CLANG_WARN_INFINITE_RECURSION = YES;
				CLANG_WARN_INT_CONVERSION = YES;
				CLANG_WARN_NON_LITERAL_NULL_CONVERSION = YES;
				CLANG_WARN_OBJC_IMPLICIT_RETAIN_SELF = YES;
				CLANG_WARN_OBJC_LITERAL_CONVERSION = YES;
				CLANG_WARN_OBJC_ROOT_CLASS = YES_ERROR;
				CLANG_WARN_RANGE_LOOP_ANALYSIS = YES;
				CLANG_WARN_STRICT_PROTOTYPES = YES;
				CLANG_WARN_SUSPICIOUS_MOVE = YES;
				CLANG_WARN_UNGUARDED_AVAILABILITY = YES_AGGRESSIVE;
				CLANG_WARN_UNREACHABLE_CODE = YES;
				CLANG_WARN__DUPLICATE_METHOD_MATCH = YES;
				CODE_SIGN_IDENTITY = "-";
				COPY_PHASE_STRIP = NO;
				DEBUG_INFORMATION_FORMAT = "dwarf-with-dsym";
				ENABLE_NS_ASSERTIONS = NO;
				ENABLE_STRICT_OBJC_MSGSEND = YES;
				GCC_C_LANGUAGE_STANDARD = gnu11;
				GCC_NO_COMMON_BLOCKS = YES;
				GCC_WARN_64_TO_32_BIT_CONVERSION = YES;
				GCC_WARN_ABOUT_RETURN_TYPE = YES_ERROR;
				GCC_WARN_UNDECLARED_SELECTOR = YES;
				GCC_WARN_UNINITIALIZED_AUTOS = YES_AGGRESSIVE;
				GCC_WARN_UNUSED_FUNCTION = YES;
				GCC_WARN_UNUSED_VARIABLE = YES;
				MACOSX_DEPLOYMENT_TARGET = 10.14;
				MTL_ENABLE_DEBUG_INFO = NO;
				MTL_FAST_MATH = YES;
				SDKROOT = macosx;
			};
			name = Release;
		};
		A5EEC49B21BE12EB0048343C /* Debug */ = {
			isa = XCBuildConfiguration;
			buildSettings = {
				CODE_SIGN_STYLE = Automatic;
				PRODUCT_NAME = "$(TARGET_NAME)";
			};
			name = Debug;
		};
		A5EEC49C21BE12EB0048343C /* Release */ = {
			isa = XCBuildConfiguration;
			buildSettings = {
				CODE_SIGN_STYLE = Automatic;
				PRODUCT_NAME = "$(TARGET_NAME)";
			};
			name = Release;
		};
/* End XCBuildConfiguration section */

/* Begin XCConfigurationList section */
		A5EEC48E21BE12EB0048343C /* Build configuration list for PBXProject "Stack_OC" */ = {
			isa = XCConfigurationList;
			buildConfigurations = (
				A5EEC49821BE12EB0048343C /* Debug */,
				A5EEC49921BE12EB0048343C /* Release */,
			);
			defaultConfigurationIsVisible = 0;
			defaultConfigurationName = Release;
		};
		A5EEC49A21BE12EB0048343C /* Build configuration list for PBXNativeTarget "Stack_OC" */ = {
			isa = XCConfigurationList;
			buildConfigurations = (
				A5EEC49B21BE12EB0048343C /* Debug */,
				A5EEC49C21BE12EB0048343C /* Release */,
			);
			defaultConfigurationIsVisible = 0;
			defaultConfigurationName = Release;
		};
/* End XCConfigurationList section */
	};
	rootObject = A5EEC48B21BE12EB0048343C /* Project object */;
}
